
Microsoft Visual Studio Solution File, Format Version 12.00
# Visual Studio Version 17
VisualStudioVersion = 17.0.32126.317
MinimumVisualStudioVersion = 10.0.40219.1
Project("{FAE04EC0-301F-11D3-BF4B-00C04F79EFBC}") = "ejemplo7Guia2PED", "ejemplo7Guia2PED\ejemplo7Guia2PED.csproj", "{51B856C4-E19E-4353-85E1-70ABFEAAC46E}"
EndProject
Global
	GlobalSection(SolutionConfigurationPlatforms) = preSolution
		Debug|Any CPU = Debug|Any CPU
		Release|Any CPU = Release|Any CPU
	EndGlobalSection
	GlobalSection(ProjectConfigurationPlatforms) = postSolution
		{51B856C4-E19E-4353-85E1-70ABFEAAC46E}.Debug|Any CPU.ActiveCfg = Debug|Any CPU
		{51B856C4-E19E-4353-85E1-70ABFEAAC46E}.Debug|Any CPU.Build.0 = Debug|Any CPU
		{51B856C4-E19E-4353-85E1-70ABFEAAC46E}.Release|Any CPU.ActiveCfg = Release|Any CPU
		{51B856C4-E19E-4353-85E1-70ABFEAAC46E}.Release|Any CPU.Build.0 = Release|Any CPU
	EndGlobalSection
	GlobalSection(SolutionProperties) = preSolution
		HideSolutionNode = FALSE
	EndGlobalSection
	GlobalSection(ExtensibilityGlobals) = postSolution
		SolutionGuid = {5ABC2085-AB51-4749-B503-6034C854A05D}
	EndGlobalSection
EndGlobal
